lockfile_version: '1'
generated_at: '2026-05-14T12:18:56.923169+00:00'
apm_version: 0.13.0
dependencies:
- repo_url: openshift-eng/ai-helpers
  host: github.com
  resolved_commit: 25507359bdebd3d21db3228738a5d8f9bd8831a2
  resolved_ref: main
  virtual_path: plugins/ci
  is_virtual: true
  package_type: marketplace_plugin
  deployed_files:
  - .claude/agents/step-registry-analyzer.md
  - .claude/agents/test-porter.md
  - .claude/commands/add-debug-wait.md
  - .claude/commands/analyze-disruption.md
  - .claude/commands/analyze-payload.md
  - .claude/commands/analyze-pr-reverts.md
  - .claude/commands/analyze-prow-job-install-failure.md
  - .claude/commands/analyze-prow-job-resource.md
  - .claude/commands/analyze-prow-job-test-failure.md
  - .claude/commands/analyze-regression.md
  - .claude/commands/ask-sippy.md
  - .claude/commands/check-if-jira-regression-is-ongoing.md
  - .claude/commands/continue-session.md
  - .claude/commands/extract-kubeconfig.md
  - .claude/commands/extract-prow-job-must-gather.md
  - .claude/commands/fetch-payloads.md
  - .claude/commands/fetch-test-report.md
  - .claude/commands/list-step.md
  - .claude/commands/list-unstable-tests.md
  - .claude/commands/payload-experiment.md
  - .claude/commands/payload-revert.md
  - .claude/commands/query-job-status.md
  - .claude/commands/query-test-result.md
  - .claude/commands/revert-pr.md
  - .claude/commands/trigger-periodic.md
  - .claude/commands/trigger-postsubmit.md
  - .claude/commands/trigger-presubmit.md
  - .claude/skills/add-jira-triage-link
  - .claude/skills/analyze-disruption
  - .claude/skills/analyze-payload
  - .claude/skills/fetch-jira-issue
  - .claude/skills/fetch-job-run-summary
  - .claude/skills/fetch-new-prs-in-payload
  - .claude/skills/fetch-payloads
  - .claude/skills/fetch-prowjob-json
  - .claude/skills/fetch-regression-details
  - .claude/skills/fetch-related-triages
  - .claude/skills/fetch-releases
  - .claude/skills/fetch-test-report
  - .claude/skills/fetch-test-runs
  - .claude/skills/oc-auth
  - .claude/skills/payload-autodl-json
  - .claude/skills/payload-experimental-reverts
  - .claude/skills/payload-results-yaml
  - .claude/skills/prow-job-analyze-install-failure
  - .claude/skills/prow-job-analyze-metal-install-failure
  - .claude/skills/prow-job-analyze-resource
  - .claude/skills/prow-job-analyze-test-failure
  - .claude/skills/prow-job-artifact-search
  - .claude/skills/prow-job-extract-must-gather
  - .claude/skills/revert-pr
  - .claude/skills/set-release-blocker
  - .claude/skills/stage-payload-reverts
  - .claude/skills/triage-regression
  - .claude/skills/trigger-payload-job
  deployed_file_hashes:
    .claude/agents/step-registry-analyzer.md: sha256:b931752fbd9cd399274f510d6d83e6993faf654383a1dca1d7f8e1b1b33ed45b
    .claude/agents/test-porter.md: sha256:198b319527f6ff7444b99be8a76061604e65e1afc2403b3c18a427eab8ffbf7a
    .claude/commands/add-debug-wait.md: sha256:8c4a2bdaa074fa09538c1e43a4e4fc26efaf1bb72e4d006cb1cb8d747658b422
    .claude/commands/analyze-disruption.md: sha256:bbf917c73cc20d3f965330ab7cd6e9cc0c4020136ba7855cd4d8a7ede27174cc
    .claude/commands/analyze-payload.md: sha256:defef15762769482f9bc17f14f6f94b77ec14187b8c2211ddc886f007fac0ce7
    .claude/commands/analyze-pr-reverts.md: sha256:9eada8b36112712e649babbbe3ae584efddaa46e419e4be21b1eb5ee90bb3e96
    .claude/commands/analyze-prow-job-install-failure.md: sha256:7290a852f884d6203d4fe4f10f5cf5a7a77f99f5335155c3eb7d4135c1926675
    .claude/commands/analyze-prow-job-resource.md: sha256:98bd4f93d5b1a9d5fa319b4436757f4e691057e64b397726fe59a0d6c331c6fb
    .claude/commands/analyze-prow-job-test-failure.md: sha256:3505f2e61a9f6967d6b9224abbd6286b862ea0d3efb4904ce867cda05d7dbcb2
    .claude/commands/analyze-regression.md: sha256:c40cc9586e9eca1c10154122823e1cbe8a0624b04a6780da40996b957a2c2804
    .claude/commands/ask-sippy.md: sha256:272023d87747c2dbc84a7c114be0ed5e0b91eb8de3524238d8df44e2636fff5d
    .claude/commands/check-if-jira-regression-is-ongoing.md: sha256:d35dd9a3da3dfbbadcd6e965c2354c3475ec2dc4a21ab038df9c8c67ba5a60a6
    .claude/commands/continue-session.md: sha256:29f3c2e3a37fe47b68cb8cb96259d7f37eeb911bef61da2f1d22b57e330c7736
    .claude/commands/extract-kubeconfig.md: sha256:977e4fd270c7929b4a80e77bc63c3ab5f2a9b82ca81a91ffe63b66646ccac3b5
    .claude/commands/extract-prow-job-must-gather.md: sha256:779fa81071db6245452afa7d1542211f3953d67746e133b02830da50d1c9f259
    .claude/commands/fetch-payloads.md: sha256:0eb4e4a8a60223231b4ffc3f37ff120ec3e0e8993b5a9e15222260f4f214d448
    .claude/commands/fetch-test-report.md: sha256:409a2bc15807353a65a09a339ea5e02bcef31eddb4288a67719c5ba64ed4c321
    .claude/commands/list-step.md: sha256:d4d69572b8792ed91485776421857626c5315b5bd74f11393a79f4b6700a853c
    .claude/commands/list-unstable-tests.md: sha256:e060085b6134220b6413b0fd0e40eba103c57b7a93b68e5e955c6325d2ab2082
    .claude/commands/payload-experiment.md: sha256:d2407ec44258a5c39c5d0236af3521db5d9dd1b2fe66b0eed22261ddc410210e
    .claude/commands/payload-revert.md: sha256:a36ef2cd3e063ee5b2a930ea485b1d4e657672ba8fc5b668f5a926619c152c30
    .claude/commands/query-job-status.md: sha256:75e91f211e7e6fae3b1fcedebe077f460e65eccde4f780934f95a1107c2c6d13
    .claude/commands/query-test-result.md: sha256:3a210015c37bdf2e0d09fa9f2a8095da75558a6b7d34ada27f4059541d3af149
    .claude/commands/revert-pr.md: sha256:3da8b0e1dc4e73d8148f15b900b247ec89be400748eb4d38eaf64c31ec7b4cec
    .claude/commands/trigger-periodic.md: sha256:44fce4b6e9db3a31c355f670681e4d4f80a0e9750a4c71759173c78b2a55949b
    .claude/commands/trigger-postsubmit.md: sha256:25d941b3db9b2042d31ce0acac967b923fbd152d95fb8d120e7e0a4623be346b
    .claude/commands/trigger-presubmit.md: sha256:e424baca0c7355e94138f4040155324b5a7ac30abf6fde83772e909364710f3b
  content_hash: sha256:25fe02d99a08ce007e3771f3b605e22c8813438fd5e519c170201ecd23c3df47
- repo_url: openshift-eng/ai-helpers
  host: github.com
  resolved_commit: 25507359bdebd3d21db3228738a5d8f9bd8831a2
  resolved_ref: main
  virtual_path: plugins/teams
  is_virtual: true
  package_type: marketplace_plugin
  deployed_files:
  - .claude/commands/coderabbit-adoption-report.md
  - .claude/commands/coderabbit-inheritance-scanner.md
  - .claude/commands/coderabbit-rules-from-pr-reviews.md
  - .claude/commands/health-check-jiras.md
  - .claude/commands/health-check-regressions.md
  - .claude/commands/health-check.md
  - .claude/commands/list-components.md
  - .claude/commands/list-jiras.md
  - .claude/commands/list-regressions.md
  - .claude/commands/list-teams.md
  - .claude/skills/analyze-regressions
  - .claude/skills/coderabbit-adoption
  - .claude/skills/coderabbit-inheritance-scanner-check
  - .claude/skills/coderabbit-inheritance-scanner-existing-pr
  - .claude/skills/coderabbit-inheritance-scanner-open-pr
  - .claude/skills/coderabbit-inheritance-scanner-search
  - .claude/skills/coderabbit-rules-from-pr-reviews
  - .claude/skills/get-release-dates
  - .claude/skills/list-components
  - .claude/skills/list-jiras
  - .claude/skills/list-regressions
  - .claude/skills/list-teams
  - .claude/skills/summarize-jiras
  deployed_file_hashes:
    .claude/commands/coderabbit-adoption-report.md: sha256:881a52c84f91b76e23a2fee0e7d46f84d3124592e7d4a26f5be724345ec72e65
    .claude/commands/coderabbit-inheritance-scanner.md: sha256:22d3b0619011c5326bafe6d729eb44ca66492343a9c9aee26e37b28f9959c058
    .claude/commands/coderabbit-rules-from-pr-reviews.md: sha256:e3d625003cac22408fc0a11ff152a7765ea31c1a25eca90577dffdfc6fa884f0
    .claude/commands/health-check-jiras.md: sha256:6f08f3787de4a36946e7b16ff4359a02eec6a3511da60fef052a50f13ded637b
    .claude/commands/health-check-regressions.md: sha256:794e6c513764ec993ebe3ecbbc0a228d717b747a9a6b1127af0b7ad2d2feb0ec
    .claude/commands/health-check.md: sha256:97bed16c844c12b54ba7e44fac064e018a12c091af36f6c7a094c33a528f4a95
    .claude/commands/list-components.md: sha256:e87087cc5c2888dfde29d7706df5e35e555d47c6dfc928cb360e99dd96c5f004
    .claude/commands/list-jiras.md: sha256:4ab0bf9f08adf00bc5d7892a47bb64a75ff694088c53d98dcfb7d079e552c6f5
    .claude/commands/list-regressions.md: sha256:c9ddd10a7e6a321613565c38f58874283225892cb6e8a26515433fa4c2949966
    .claude/commands/list-teams.md: sha256:b004ef72ffc006855e5af3749cb17d3748470eb0b556eb0d17df21bd619635f2
  content_hash: sha256:526a7de901df135c759d88b50ba468fe02ccf03aadd68f65d8c3e1bac7f90a41
